{
  "name": "dope",
  "lockfileVersion": 2,
  "requires": true,
  "packages": {
    "": {
      "dependencies": {
        "braintree-web-drop-in-react": "^1.2.1",
        "query-string": "^7.1.1"
      }
    },
    "node_modules/@braintree/asset-loader": {
      "version": "0.4.4",
      "resolved": "https://registry.npmjs.org/@braintree/asset-loader/-/asset-loader-0.4.4.tgz",
      "integrity": "sha512-uVhXC5dydmngmNVuDiKgfXSlz4kv4x5ytIJodI8N5SY16mRh13m/UmbQ7yH+o8DQqp50qPZ45MUHIZkXKPg85w==",
      "dependencies": {
        "promise-polyfill": "^8.1.3"
      }
    },
    "node_modules/@braintree/browser-detection": {
      "version": "1.14.0",
      "resolved": "https://registry.npmjs.org/@braintree/browser-detection/-/browser-detection-1.14.0.tgz",
      "integrity": "sha512-OsqU+28RhNvSw8Y5JEiUHUrAyn4OpYazFkjSJe8ZVZfkAaRXQc6hsV38MMEpIlkPMig+A68buk/diY+0O8/dMQ=="
    },
    "node_modules/@braintree/class-list": {
      "version": "0.2.0",
      "resolved": "https://registry.npmjs.org/@braintree/class-list/-/class-list-0.2.0.tgz",
      "integrity": "sha512-iLXJT51jnBFuGvyTAQqZ2uwyEVwdyapyz52F5MK1Uoh2ZOiPJ5hoqI0wncyCP2KfqrgyCpOkkEaLMLb/94unGA=="
    },
    "node_modules/@braintree/event-emitter": {
      "version": "0.4.1",
      "resolved": "https://registry.npmjs.org/@braintree/event-emitter/-/event-emitter-0.4.1.tgz",
      "integrity": "sha512-X41357O3OXUDlnwMvS1m0GQEn3zB3s3flOBeg2J5OBvLvdJEIAVpPkblABPtsPrlciDSvfv1aSG5ixHPgFH0Zg=="
    },
    "node_modules/@braintree/extended-promise": {
      "version": "0.4.1",
      "resolved": "https://registry.npmjs.org/@braintree/extended-promise/-/extended-promise-0.4.1.tgz",
      "integrity": "sha512-00n7m4z+swWHoFQLHLvrIBIEoxnGUBsl3ogvX79ITpcn8CHczDwtxYy5+RhMoAraRdfN3oB+8QIpN3KOxs2Q7w=="
    },
    "node_modules/@braintree/iframer": {
      "version": "1.1.0",
      "resolved": "https://registry.npmjs.org/@braintree/iframer/-/iframer-1.1.0.tgz",
      "integrity": "sha512-tVpr7U6u6bqeQlHreEjYMNtnHX62vLnNWziY2kQLqkWhvusPuY5DfuGEIPpWqsd+V/a1slyTQaxK6HWTlH6A/Q=="
    },
    "node_modules/@braintree/sanitize-url": {
      "version": "6.0.0",
      "resolved": "https://registry.npmjs.org/@braintree/sanitize-url/-/sanitize-url-6.0.0.tgz",
      "integrity": "sha512-mgmE7XBYY/21erpzhexk4Cj1cyTQ9LzvnTxtzM17BJ7ERMNE6W72mQRo0I1Ud8eFJ+RVVIcBNhLFZ3GX4XFz5w=="
    },
    "node_modules/@braintree/uuid": {
      "version": "0.1.0",
      "resolved": "https://registry.npmjs.org/@braintree/uuid/-/uuid-0.1.0.tgz",
      "integrity": "sha512-YvZJdlNcK5EnR+7M8AjgEAf4Qx696+FOSYlPfy5ePn80vODtVAUU0FxHnzKZC0og1VbDNQDDiwhthR65D4Na0g=="
    },
    "node_modules/@braintree/wrap-promise": {
      "version": "2.1.0",
      "resolved": "https://registry.npmjs.org/@braintree/wrap-promise/-/wrap-promise-2.1.0.tgz",
      "integrity": "sha512-UIrJB+AfKU0CCfbMoWrsGpd2D/hBpY/SGgFI6WRHPOwhaZ3g9rz1weiJ6eb6L9KgVyunT7s2tckcPkbHw+NzeA=="
    },
    "node_modules/braintree-web": {
      "version": "3.88.3",
      "resolved": "https://registry.npmjs.org/braintree-web/-/braintree-web-3.88.3.tgz",
      "integrity": "sha512-+RM22/OeErWGJWoB3CYW8Od3QDaLLc3ZBEktKL3byqMabaHgzgJqHGrHVmqKNAy+ML+TCY15IQGM71U0N4pvqw==",
      "dependencies": {
        "@braintree/asset-loader": "0.4.4",
        "@braintree/browser-detection": "1.14.0",
        "@braintree/class-list": "0.2.0",
        "@braintree/event-emitter": "0.4.1",
        "@braintree/extended-promise": "0.4.1",
        "@braintree/iframer": "1.1.0",
        "@braintree/sanitize-url": "6.0.0",
        "@braintree/uuid": "0.1.0",
        "@braintree/wrap-promise": "2.1.0",
        "card-validator": "8.1.1",
        "credit-card-type": "9.1.0",
        "framebus": "5.2.0",
        "inject-stylesheet": "5.0.0",
        "promise-polyfill": "8.2.3",
        "restricted-input": "3.0.5"
      }
    },
    "node_modules/braintree-web-drop-in": {
      "version": "1.33.7",
      "resolved": "https://registry.npmjs.org/braintree-web-drop-in/-/braintree-web-drop-in-1.33.7.tgz",
      "integrity": "sha512-69wtLGbFh1jbgkUCyES598OwSsTljwLn33f9bsl2JRLlbvcW6emMazdyG95k3Am5kyh04Aa1Qx0RO3Yx81U/Jg==",
      "dependencies": {
        "@braintree/asset-loader": "0.4.4",
        "@braintree/browser-detection": "1.14.0",
        "@braintree/class-list": "0.2.0",
        "@braintree/event-emitter": "0.4.1",
        "@braintree/uuid": "0.1.0",
        "@braintree/wrap-promise": "2.1.0",
        "braintree-web": "3.88.3",
        "promise-polyfill": "8.2.3"
      }
    },
    "node_modules/braintree-web-drop-in-react": {
      "version": "1.2.1",
      "resolved": "https://registry.npmjs.org/braintree-web-drop-in-react/-/braintree-web-drop-in-react-1.2.1.tgz",
      "integrity": "sha512-J0Xzb6EXYvvOp74Vqhmny3tsbeqeKKRPmWaJGnZQxJ5DFq1VYLCfDDPa14YpdhWTZiIgMRqRf4wpOdQ/Gcbf0w==",
      "dependencies": {
        "braintree-web-drop-in": "^1.24.0",
        "prop-types": "^15.7.2"
      },
      "peerDependencies": {
        "react": ">=16.13.1",
        "react-dom": ">=16.13.1"
      }
    },
    "node_modules/card-validator": {
      "version": "8.1.1",
      "resolved": "https://registry.npmjs.org/card-validator/-/card-validator-8.1.1.tgz",
      "integrity": "sha512-cN4FsKwoTfTFnqPwVc7TQLSsH/QMDB3n/gWm0XelcApz4sKipnOQ6k33sa3bWsNnnIpgs7eXOF+mUV2UQAX2Sw==",
      "dependencies": {
        "credit-card-type": "^9.1.0"
      }
    },
    "node_modules/credit-card-type": {
      "version": "9.1.0",
      "resolved": "https://registry.npmjs.org/credit-card-type/-/credit-card-type-9.1.0.tgz",
      "integrity": "sha512-CpNFuLxiPFxuZqhSKml3M+t0K/484pMAnfYWH14JoD7OZMnmC0Lmo+P7JX9SobqFpRoo7ifA18kOHdxJywYPEA=="
    },
    "node_modules/decode-uri-component": {
      "version": "0.2.0",
      "resolved": "https://registry.npmjs.org/decode-uri-component/-/decode-uri-component-0.2.0.tgz",
      "integrity": "sha512-hjf+xovcEn31w/EUYdTXQh/8smFL/dzYjohQGEIgjyNavaJfBY2p5F527Bo1VPATxv0VYTUC2bOcXvqFwk78Og==",
      "engines": {
        "node": ">=0.10"
      }
    },
    "node_modules/filter-obj": {
      "version": "1.1.0",
      "resolved": "https://registry.npmjs.org/filter-obj/-/filter-obj-1.1.0.tgz",
      "integrity": "sha512-8rXg1ZnX7xzy2NGDVkBVaAy+lSlPNwad13BtgSlLuxfIslyt5Vg64U7tFcCt4WS1R0hvtnQybT/IyCkGZ3DpXQ==",
      "engines": {
        "node": ">=0.10.0"
      }
    },
    "node_modules/framebus": {
      "version": "5.2.0",
      "resolved": "https://registry.npmjs.org/framebus/-/framebus-5.2.0.tgz",
      "integrity": "sha512-hIKt71vBVd/g0emUbuVg8HAeHEjxBwhAE87CKXvxPIy0sCoGWqBulB1k9lWBWUU6ZHXPs0xjXWMwUldWMiqD6A==",
      "dependencies": {
        "@braintree/uuid": "^0.1.0"
      }
    },
    "node_modules/inject-stylesheet": {
      "version": "5.0.0",
      "resolved": "https://registry.npmjs.org/inject-stylesheet/-/inject-stylesheet-5.0.0.tgz",
      "integrity": "sha512-GzncrJP8E/pavMQzoO93CXoYCfTttwVm2cX2TyXJdgtVE0cCvWSFCn1/uMsM6ZkEg7LUsOcKuamcLiGWlv2p9A=="
    },
    "node_modules/js-tokens": {
      "version": "4.0.0",
      "resolved": "https://registry.npmjs.org/js-tokens/-/js-tokens-4.0.0.tgz",
      "integrity": "sha512-RdJUflcE3cUzKiMqQgsCu06FPu9UdIJO0beYbPhHN4k6apgJtifcoCtT9bcxOpYBtpD2kCM6Sbzg4CausW/PKQ=="
    },
    "node_modules/loose-envify": {
      "version": "1.4.0",
      "resolved": "https://registry.npmjs.org/loose-envify/-/loose-envify-1.4.0.tgz",
      "integrity": "sha512-lyuxPGr/Wfhrlem2CL/UcnUc1zcqKAImBDzukY7Y5F/yQiNdko6+fRLevlw1HgMySw7f611UIY408EtxRSoK3Q==",
      "dependencies": {
        "js-tokens": "^3.0.0 || ^4.0.0"
      },
      "bin": {
        "loose-envify": "cli.js"
      }
    },
    "node_modules/object-assign": {
      "version": "4.1.1",
      "resolved": "https://registry.npmjs.org/object-assign/-/object-assign-4.1.1.tgz",
      "integrity": "sha512-rJgTQnkUnH1sFw8yT6VSU3zD3sWmu6sZhIseY8VX+GRu3P6F7Fu+JNDoXfklElbLJSnc3FUQHVe4cU5hj+BcUg==",
      "engines": {
        "node": ">=0.10.0"
      }
    },
    "node_modules/promise-polyfill": {
      "version": "8.2.3",
      "resolved": "https://registry.npmjs.org/promise-polyfill/-/promise-polyfill-8.2.3.tgz",
      "integrity": "sha512-Og0+jCRQetV84U8wVjMNccfGCnMQ9mGs9Hv78QFe+pSDD3gWTpz0y+1QCuxy5d/vBFuZ3iwP2eycAkvqIMPmWg=="
    },
    "node_modules/prop-types": {
      "version": "15.8.1",
      "resolved": "https://registry.npmjs.org/prop-types/-/prop-types-15.8.1.tgz",
      "integrity": "sha512-oj87CgZICdulUohogVAR7AjlC0327U4el4L6eAvOqCeudMDVU0NThNaV+b9Df4dXgSP1gXMTnPdhfe/2qDH5cg==",
      "dependencies": {
        "loose-envify": "^1.4.0",
        "object-assign": "^4.1.1",
        "react-is": "^16.13.1"
      }
    },
    "node_modules/query-string": {
      "version": "7.1.1",
      "resolved": "https://registry.npmjs.org/query-string/-/query-string-7.1.1.tgz",
      "integrity": "sha512-MplouLRDHBZSG9z7fpuAAcI7aAYjDLhtsiVZsevsfaHWDS2IDdORKbSd1kWUA+V4zyva/HZoSfpwnYMMQDhb0w==",
      "dependencies": {
        "decode-uri-component": "^0.2.0",
        "filter-obj": "^1.1.0",
        "split-on-first": "^1.0.0",
        "strict-uri-encode": "^2.0.0"
      },
      "engines": {
        "node": ">=6"
      },
      "funding": {
        "url": "https://github.com/sponsors/sindresorhus"
      }
    },
    "node_modules/react-is": {
      "version": "16.13.1",
      "resolved": "https://registry.npmjs.org/react-is/-/react-is-16.13.1.tgz",
      "integrity": "sha512-24e6ynE2H+OKt4kqsOvNd8kBpV65zoxbA4BVsEOB3ARVWQki/DHzaUoC5KuON/BiccDaCCTZBuOcfZs70kR8bQ=="
    },
    "node_modules/restricted-input": {
      "version": "3.0.5",
      "resolved": "https://registry.npmjs.org/restricted-input/-/restricted-input-3.0.5.tgz",
      "integrity": "sha512-lUuXZ3wUnHURRarj5/0C8vomWIfWJO+p7T6RYwB46v7Oyuyr3yyupU+i7SjqUv4S6RAeAAZt1C/QCLJ9xhQBow==",
      "dependencies": {
        "@braintree/browser-detection": "^1.12.1"
      }
    },
    "node_modules/split-on-first": {
      "version": "1.1.0",
      "resolved": "https://registry.npmjs.org/split-on-first/-/split-on-first-1.1.0.tgz",
      "integrity": "sha512-43ZssAJaMusuKWL8sKUBQXHWOpq8d6CfN/u1p4gUzfJkM05C8rxTmYrkIPTXapZpORA6LkkzcUulJ8FqA7Uudw==",
      "engines": {
        "node": ">=6"
      }
    },
    "node_modules/strict-uri-encode": {
      "version": "2.0.0",
      "resolved": "https://registry.npmjs.org/strict-uri-encode/-/strict-uri-encode-2.0.0.tgz",
      "integrity": "sha512-QwiXZgpRcKkhTj2Scnn++4PKtWsH0kpzZ62L2R6c/LUVYv7hVnZqcg2+sMuT6R7Jusu1vviK/MFsu6kNJfWlEQ==",
      "engines": {
        "node": ">=4"
      }
    }
  },
  "dependencies": {
    "@braintree/asset-loader": {
      "version": "0.4.4",
      "resolved": "https://registry.npmjs.org/@braintree/asset-loader/-/asset-loader-0.4.4.tgz",
      "integrity": "sha512-uVhXC5dydmngmNVuDiKgfXSlz4kv4x5ytIJodI8N5SY16mRh13m/UmbQ7yH+o8DQqp50qPZ45MUHIZkXKPg85w==",
      "requires": {
        "promise-polyfill": "^8.1.3"
      }
    },
    "@braintree/browser-detection": {
      "version": "1.14.0",
      "resolved": "https://registry.npmjs.org/@braintree/browser-detection/-/browser-detection-1.14.0.tgz",
      "integrity": "sha512-OsqU+28RhNvSw8Y5JEiUHUrAyn4OpYazFkjSJe8ZVZfkAaRXQc6hsV38MMEpIlkPMig+A68buk/diY+0O8/dMQ=="
    },
    "@braintree/class-list": {
      "version": "0.2.0",
      "resolved": "https://registry.npmjs.org/@braintree/class-list/-/class-list-0.2.0.tgz",
      "integrity": "sha512-iLXJT51jnBFuGvyTAQqZ2uwyEVwdyapyz52F5MK1Uoh2ZOiPJ5hoqI0wncyCP2KfqrgyCpOkkEaLMLb/94unGA=="
    },
    "@braintree/event-emitter": {
      "version": "0.4.1",
      "resolved": "https://registry.npmjs.org/@braintree/event-emitter/-/event-emitter-0.4.1.tgz",
      "integrity": "sha512-X41357O3OXUDlnwMvS1m0GQEn3zB3s3flOBeg2J5OBvLvdJEIAVpPkblABPtsPrlciDSvfv1aSG5ixHPgFH0Zg=="
    },
    "@braintree/extended-promise": {
      "version": "0.4.1",
      "resolved": "https://registry.npmjs.org/@braintree/extended-promise/-/extended-promise-0.4.1.tgz",
      "integrity": "sha512-00n7m4z+swWHoFQLHLvrIBIEoxnGUBsl3ogvX79ITpcn8CHczDwtxYy5+RhMoAraRdfN3oB+8QIpN3KOxs2Q7w=="
    },
    "@braintree/iframer": {
      "version": "1.1.0",
      "resolved": "https://registry.npmjs.org/@braintree/iframer/-/iframer-1.1.0.tgz",
      "integrity": "sha512-tVpr7U6u6bqeQlHreEjYMNtnHX62vLnNWziY2kQLqkWhvusPuY5DfuGEIPpWqsd+V/a1slyTQaxK6HWTlH6A/Q=="
    },
    "@braintree/sanitize-url": {
      "version": "6.0.0",
      "resolved": "https://registry.npmjs.org/@braintree/sanitize-url/-/sanitize-url-6.0.0.tgz",
      "integrity": "sha512-mgmE7XBYY/21erpzhexk4Cj1cyTQ9LzvnTxtzM17BJ7ERMNE6W72mQRo0I1Ud8eFJ+RVVIcBNhLFZ3GX4XFz5w=="
    },
    "@braintree/uuid": {
      "version": "0.1.0",
      "resolved": "https://registry.npmjs.org/@braintree/uuid/-/uuid-0.1.0.tgz",
      "integrity": "sha512-YvZJdlNcK5EnR+7M8AjgEAf4Qx696+FOSYlPfy5ePn80vODtVAUU0FxHnzKZC0og1VbDNQDDiwhthR65D4Na0g=="
    },
    "@braintree/wrap-promise": {
      "version": "2.1.0",
      "resolved": "https://registry.npmjs.org/@braintree/wrap-promise/-/wrap-promise-2.1.0.tgz",
      "integrity": "sha512-UIrJB+AfKU0CCfbMoWrsGpd2D/hBpY/SGgFI6WRHPOwhaZ3g9rz1weiJ6eb6L9KgVyunT7s2tckcPkbHw+NzeA=="
    },
    "braintree-web": {
      "version": "3.88.3",
      "resolved": "https://registry.npmjs.org/braintree-web/-/braintree-web-3.88.3.tgz",
      "integrity": "sha512-+RM22/OeErWGJWoB3CYW8Od3QDaLLc3ZBEktKL3byqMabaHgzgJqHGrHVmqKNAy+ML+TCY15IQGM71U0N4pvqw==",
      "requires": {
        "@braintree/asset-loader": "0.4.4",
        "@braintree/browser-detection": "1.14.0",
        "@braintree/class-list": "0.2.0",
        "@braintree/event-emitter": "0.4.1",
        "@braintree/extended-promise": "0.4.1",
        "@braintree/iframer": "1.1.0",
        "@braintree/sanitize-url": "6.0.0",
        "@braintree/uuid": "0.1.0",
        "@braintree/wrap-promise": "2.1.0",
        "card-validator": "8.1.1",
        "credit-card-type": "9.1.0",
        "framebus": "5.2.0",
        "inject-stylesheet": "5.0.0",
        "promise-polyfill": "8.2.3",
        "restricted-input": "3.0.5"
      }
    },
    "braintree-web-drop-in": {
      "version": "1.33.7",
      "resolved": "https://registry.npmjs.org/braintree-web-drop-in/-/braintree-web-drop-in-1.33.7.tgz",
      "integrity": "sha512-69wtLGbFh1jbgkUCyES598OwSsTljwLn33f9bsl2JRLlbvcW6emMazdyG95k3Am5kyh04Aa1Qx0RO3Yx81U/Jg==",
      "requires": {
        "@braintree/asset-loader": "0.4.4",
        "@braintree/browser-detection": "1.14.0",
        "@braintree/class-list": "0.2.0",
        "@braintree/event-emitter": "0.4.1",
        "@braintree/uuid": "0.1.0",
        "@braintree/wrap-promise": "2.1.0",
        "braintree-web": "3.88.3",
        "promise-polyfill": "8.2.3"
      }
    },
    "braintree-web-drop-in-react": {
      "version": "1.2.1",
      "resolved": "https://registry.npmjs.org/braintree-web-drop-in-react/-/braintree-web-drop-in-react-1.2.1.tgz",
      "integrity": "sha512-J0Xzb6EXYvvOp74Vqhmny3tsbeqeKKRPmWaJGnZQxJ5DFq1VYLCfDDPa14YpdhWTZiIgMRqRf4wpOdQ/Gcbf0w==",
      "requires": {
        "braintree-web-drop-in": "^1.24.0",
        "prop-types": "^15.7.2"
      }
    },
    "card-validator": {
      "version": "8.1.1",
      "resolved": "https://registry.npmjs.org/card-validator/-/card-validator-8.1.1.tgz",
      "integrity": "sha512-cN4FsKwoTfTFnqPwVc7TQLSsH/QMDB3n/gWm0XelcApz4sKipnOQ6k33sa3bWsNnnIpgs7eXOF+mUV2UQAX2Sw==",
      "requires": {
        "credit-card-type": "^9.1.0"
      }
    },
    "credit-card-type": {
      "version": "9.1.0",
      "resolved": "https://registry.npmjs.org/credit-card-type/-/credit-card-type-9.1.0.tgz",
      "integrity": "sha512-CpNFuLxiPFxuZqhSKml3M+t0K/484pMAnfYWH14JoD7OZMnmC0Lmo+P7JX9SobqFpRoo7ifA18kOHdxJywYPEA=="
    },
    "decode-uri-component": {
      "version": "0.2.0",
      "resolved": "https://registry.npmjs.org/decode-uri-component/-/decode-uri-component-0.2.0.tgz",
      "integrity": "sha512-hjf+xovcEn31w/EUYdTXQh/8smFL/dzYjohQGEIgjyNavaJfBY2p5F527Bo1VPATxv0VYTUC2bOcXvqFwk78Og=="
    },
    "filter-obj": {
      "version": "1.1.0",
      "resolved": "https://registry.npmjs.org/filter-obj/-/filter-obj-1.1.0.tgz",
      "integrity": "sha512-8rXg1ZnX7xzy2NGDVkBVaAy+lSlPNwad13BtgSlLuxfIslyt5Vg64U7tFcCt4WS1R0hvtnQybT/IyCkGZ3DpXQ=="
    },
    "framebus": {
      "version": "5.2.0",
      "resolved": "https://registry.npmjs.org/framebus/-/framebus-5.2.0.tgz",
      "integrity": "sha512-hIKt71vBVd/g0emUbuVg8HAeHEjxBwhAE87CKXvxPIy0sCoGWqBulB1k9lWBWUU6ZHXPs0xjXWMwUldWMiqD6A==",
      "requires": {
        "@braintree/uuid": "^0.1.0"
      }
    },
    "inject-stylesheet": {
      "version": "5.0.0",
      "resolved": "https://registry.npmjs.org/inject-stylesheet/-/inject-stylesheet-5.0.0.tgz",
      "integrity": "sha512-GzncrJP8E/pavMQzoO93CXoYCfTttwVm2cX2TyXJdgtVE0cCvWSFCn1/uMsM6ZkEg7LUsOcKuamcLiGWlv2p9A=="
    },
    "js-tokens": {
      "version": "4.0.0",
      "resolved": "https://registry.npmjs.org/js-tokens/-/js-tokens-4.0.0.tgz",
      "integrity": "sha512-RdJUflcE3cUzKiMqQgsCu06FPu9UdIJO0beYbPhHN4k6apgJtifcoCtT9bcxOpYBtpD2kCM6Sbzg4CausW/PKQ=="
    },
    "loose-envify": {
      "version": "1.4.0",
      "resolved": "https://registry.npmjs.org/loose-envify/-/loose-envify-1.4.0.tgz",
      "integrity": "sha512-lyuxPGr/Wfhrlem2CL/UcnUc1zcqKAImBDzukY7Y5F/yQiNdko6+fRLevlw1HgMySw7f611UIY408EtxRSoK3Q==",
      "requires": {
        "js-tokens": "^3.0.0 || ^4.0.0"
      }
    },
    "object-assign": {
      "version": "4.1.1",
      "resolved": "https://registry.npmjs.org/object-assign/-/object-assign-4.1.1.tgz",
      "integrity": "sha512-rJgTQnkUnH1sFw8yT6VSU3zD3sWmu6sZhIseY8VX+GRu3P6F7Fu+JNDoXfklElbLJSnc3FUQHVe4cU5hj+BcUg=="
    },
    "promise-polyfill": {
      "version": "8.2.3",
      "resolved": "https://registry.npmjs.org/promise-polyfill/-/promise-polyfill-8.2.3.tgz",
      "integrity": "sha512-Og0+jCRQetV84U8wVjMNccfGCnMQ9mGs9Hv78QFe+pSDD3gWTpz0y+1QCuxy5d/vBFuZ3iwP2eycAkvqIMPmWg=="
    },
    "prop-types": {
      "version": "15.8.1",
      "resolved": "https://registry.npmjs.org/prop-types/-/prop-types-15.8.1.tgz",
      "integrity": "sha512-oj87CgZICdulUohogVAR7AjlC0327U4el4L6eAvOqCeudMDVU0NThNaV+b9Df4dXgSP1gXMTnPdhfe/2qDH5cg==",
      "requires": {
        "loose-envify": "^1.4.0",
        "object-assign": "^4.1.1",
        "react-is": "^16.13.1"
      }
    },
    "query-string": {
      "version": "7.1.1",
      "resolved": "https://registry.npmjs.org/query-string/-/query-string-7.1.1.tgz",
      "integrity": "sha512-MplouLRDHBZSG9z7fpuAAcI7aAYjDLhtsiVZsevsfaHWDS2IDdORKbSd1kWUA+V4zyva/HZoSfpwnYMMQDhb0w==",
      "requires": {
        "decode-uri-component": "^0.2.0",
        "filter-obj": "^1.1.0",
        "split-on-first": "^1.0.0",
        "strict-uri-encode": "^2.0.0"
      }
    },
    "react-is": {
      "version": "16.13.1",
      "resolved": "https://registry.npmjs.org/react-is/-/react-is-16.13.1.tgz",
      "integrity": "sha512-24e6ynE2H+OKt4kqsOvNd8kBpV65zoxbA4BVsEOB3ARVWQki/DHzaUoC5KuON/BiccDaCCTZBuOcfZs70kR8bQ=="
    },
    "restricted-input": {
      "version": "3.0.5",
      "resolved": "https://registry.npmjs.org/restricted-input/-/restricted-input-3.0.5.tgz",
      "integrity": "sha512-lUuXZ3wUnHURRarj5/0C8vomWIfWJO+p7T6RYwB46v7Oyuyr3yyupU+i7SjqUv4S6RAeAAZt1C/QCLJ9xhQBow==",
      "requires": {
        "@braintree/browser-detection": "^1.12.1"
      }
    },
    "split-on-first": {
      "version": "1.1.0",
      "resolved": "https://registry.npmjs.org/split-on-first/-/split-on-first-1.1.0.tgz",
      "integrity": "sha512-43ZssAJaMusuKWL8sKUBQXHWOpq8d6CfN/u1p4gUzfJkM05C8rxTmYrkIPTXapZpORA6LkkzcUulJ8FqA7Uudw=="
    },
    "strict-uri-encode": {
      "version": "2.0.0",
      "resolved": "https://registry.npmjs.org/strict-uri-encode/-/strict-uri-encode-2.0.0.tgz",
      "integrity": "sha512-QwiXZgpRcKkhTj2Scnn++4PKtWsH0kpzZ62L2R6c/LUVYv7hVnZqcg2+sMuT6R7Jusu1vviK/MFsu6kNJfWlEQ=="
    }
  }
}
